// !$*UTF8*$!
{
	archiveVersion = 1;
	classes = {
	};
	objectVersion = 46;
	objects = {

/* Begin PBXBuildFile section */
		57044F8F18D3C70100843EE1 /* AudioToolbox.framework in Frameworks */ = {isa = PBXBuildFile; fileRef = 57044F8E18D3C70100843EE1 /* AudioToolbox.framework */; };
		57044F9118D3C97F00843EE1 /* CoreAudio.framework in Frameworks */ = {isa = PBXBuildFile; fileRef = 57044F9018D3C97F00843EE1 /* CoreAudio.framework */; };
		57DDADE418CE24AC00CBAD30 /* Foundation.framework in Frameworks */ = {isa = PBXBuildFile; fileRef = 57DDADE318CE24AC00CBAD30 /* Foundation.framework */; };
		57DDADE618CE24AC00CBAD30 /* CoreGraphics.framework in Frameworks */ = {isa = PBXBuildFile; fileRef = 57DDADE518CE24AC00CBAD30 /* CoreGraphics.framework */; };
		57DDADE818CE24AC00CBAD30 /* UIKit.framework in Frameworks */ = {isa = PBXBuildFile; fileRef = 57DDADE718CE24AC00CBAD30 /* UIKit.framework */; };
		57DDADEE18CE24AC00CBAD30 /* InfoPlist.strings in Resources */ = {isa = PBXBuildFile; fileRef = 57DDADEC18CE24AC00CBAD30 /* InfoPlist.strings */; };
		57DDADF018CE24AC00CBAD30 /* main.m in Sources */ = {isa = PBXBuildFile; fileRef = 57DDADEF18CE24AC00CBAD30 /* main.m */; };
		57DDADF418CE24AC00CBAD30 /* AppDelegate.m in Sources */ = {isa = PBXBuildFile; fileRef = 57DDADF318CE24AC00CBAD30 /* AppDelegate.m */; };
		57DDADF618CE24AC00CBAD30 /* Images.xcassets in Resources */ = {isa = PBXBuildFile; fileRef = 57DDADF518CE24AC00CBAD30 /* Images.xcassets */; };
		57DDADFD18CE24AC00CBAD30 /* XCTest.framework in Frameworks */ = {isa = PBXBuildFile; fileRef = 57DDADFC18CE24AC00CBAD30 /* XCTest.framework */; };
		57DDADFE18CE24AC00CBAD30 /* Foundation.framework in Frameworks */ = {isa = PBXBuildFile; fileRef = 57DDADE318CE24AC00CBAD30 /* Foundation.framework */; };
		57DDADFF18CE24AC00CBAD30 /* UIKit.framework in Frameworks */ = {isa = PBXBuildFile; fileRef = 57DDADE718CE24AC00CBAD30 /* UIKit.framework */; };
		57DDAE0718CE24AD00CBAD30 /* InfoPlist.strings in Resources */ = {isa = PBXBuildFile; fileRef = 57DDAE0518CE24AD00CBAD30 /* InfoPlist.strings */; };
		57DDAE0918CE24AD00CBAD30 /* musictoolboxTests.m in Sources */ = {isa = PBXBuildFile; fileRef = 57DDAE0818CE24AD00CBAD30 /* musictoolboxTests.m */; };
		57DDAE1418CE250100CBAD30 /* Metronome.m in Sources */ = {isa = PBXBuildFile; fileRef = 57DDAE1318CE250100CBAD30 /* Metronome.m */; };
		57DDAE1718CE262200CBAD30 /* Tuner.m in Sources */ = {isa = PBXBuildFile; fileRef = 57DDAE1618CE262200CBAD30 /* Tuner.m */; };
/* End PBXBuildFile section */

/* Begin PBXContainerItemProxy section */
		57DDAE0018CE24AC00CBAD30 /* PBXContainerItemProxy */ = {
			isa = PBXContainerItemProxy;
			containerPortal = 57DDADD818CE24AC00CBAD30 /* Project object */;
			proxyType = 1;
			remoteGlobalIDString = 57DDADDF18CE24AC00CBAD30;
			remoteInfo = musictoolbox;
		};
/* End PBXContainerItemProxy section */

/* Begin PBXFileReference section */
		57044F8E18D3C70100843EE1 /* AudioToolbox.framework */ = {isa = PBXFileReference; lastKnownFileType = wrapper.framework; name = AudioToolbox.framework; path = System/Library/Frameworks/AudioToolbox.framework; sourceTree = SDKROOT; };
		57044F9018D3C97F00843EE1 /* CoreAudio.framework */ = {isa = PBXFileReference; lastKnownFileType = wrapper.framework; name = CoreAudio.framework; path = System/Library/Frameworks/CoreAudio.framework; sourceTree = SDKROOT; };
		57DDADE018CE24AC00CBAD30 /* musictoolbox.app */ = {isa = PBXFileReference; explicitFileType = wrapper.application; includeInIndex = 0; path = musictoolbox.app; sourceTree = BUILT_PRODUCTS_DIR; };
		57DDADE318CE24AC00CBAD30 /* Foundation.framework */ = {isa = PBXFileReference; lastKnownFileType = wrapper.framework; name = Foundation.framework; path = System/Library/Frameworks/Foundation.framework; sourceTree = SDKROOT; };
		57DDADE518CE24AC00CBAD30 /* CoreGraphics.framework */ = {isa = PBXFileReference; lastKnownFileType = wrapper.framework; name = CoreGraphics.framework; path = System/Library/Frameworks/CoreGraphics.framework; sourceTree = SDKROOT; };
		57DDADE718CE24AC00CBAD30 /* UIKit.framework */ = {isa = PBXFileReference; lastKnownFileType = wrapper.framework; name = UIKit.framework; path = System/Library/Frameworks/UIKit.framework; sourceTree = SDKROOT; };
		57DDADEB18CE24AC00CBAD30 /* musictoolbox-Info.plist */ = {isa = PBXFileReference; lastKnownFileType = text.plist.xml; path = "musictoolbox-Info.plist"; sourceTree = "<group>"; };
		57DDADED18CE24AC00CBAD30 /* en */ = {isa = PBXFileReference; lastKnownFileType = text.plist.strings; name = en; path = en.lproj/InfoPlist.strings; sourceTree = "<group>"; };
		57DDADEF18CE24AC00CBAD30 /* main.m */ = {isa = PBXFileReference; lastKnownFileType = sourcecode.c.objc; path = main.m; sourceTree = "<group>"; };
		57DDADF118CE24AC00CBAD30 /* musictoolbox-Prefix.pch */ = {isa = PBXFileReference; lastKnownFileType = sourcecode.c.h; path = "musictoolbox-Prefix.pch"; sourceTree = "<group>"; };
		57DDADF218CE24AC00CBAD30 /* AppDelegate.h */ = {isa = PBXFileReference; lastKnownFileType = sourcecode.c.h; path = AppDelegate.h; sourceTree = "<group>"; };
		57DDADF318CE24AC00CBAD30 /* AppDelegate.m */ = {isa = PBXFileReference; lastKnownFileType = sourcecode.c.objc; path = AppDelegate.m; sourceTree = "<group>"; };
		57DDADF518CE24AC00CBAD30 /* Images.xcassets */ = {isa = PBXFileReference; lastKnownFileType = folder.assetcatalog; path = Images.xcassets; sourceTree = "<group>"; };
		57DDADFB18CE24AC00CBAD30 /* musictoolboxTests.xctest */ = {isa = PBXFileReference; explicitFileType = wrapper.cfbundle; includeInIndex = 0; path = musictoolboxTests.xctest; sourceTree = BUILT_PRODUCTS_DIR; };
		57DDADFC18CE24AC00CBAD30 /* XCTest.framework */ = {isa = PBXFileReference; lastKnownFileType = wrapper.framework; name = XCTest.framework; path = Library/Frameworks/XCTest.framework; sourceTree = DEVELOPER_DIR; };
		57DDAE0418CE24AD00CBAD30 /* musictoolboxTests-Info.plist */ = {isa = PBXFileReference; lastKnownFileType = text.plist.xml; path = "musictoolboxTests-Info.plist"; sourceTree = "<group>"; };
		57DDAE0618CE24AD00CBAD30 /* en */ = {isa = PBXFileReference; lastKnownFileType = text.plist.strings; name = en; path = en.lproj/InfoPlist.strings; sourceTree = "<group>"; };
		57DDAE0818CE24AD00CBAD30 /* musictoolboxTests.m */ = {isa = PBXFileReference; lastKnownFileType = sourcecode.c.objc; path = musictoolboxTests.m; sourceTree = "<group>"; };
		57DDAE1218CE250100CBAD30 /* Metronome.h */ = {isa = PBXFileReference; fileEncoding = 4; lastKnownFileType = sourcecode.c.h; path = Metronome.h; sourceTree = "<group>"; };
		57DDAE1318CE250100CBAD30 /* Metronome.m */ = {isa = PBXFileReference; fileEncoding = 4; lastKnownFileType = sourcecode.c.objc; path = Metronome.m; sourceTree = "<group>"; };
		57DDAE1518CE262200CBAD30 /* Tuner.h */ = {isa = PBXFileReference; fileEncoding = 4; lastKnownFileType = sourcecode.c.h; path = Tuner.h; sourceTree = "<group>"; };
		57DDAE1618CE262200CBAD30 /* Tuner.m */ = {isa = PBXFileReference; fileEncoding = 4; lastKnownFileType = sourcecode.c.objc; path = Tuner.m; sourceTree = "<group>"; };
/* End PBXFileReference section */

/* Begin PBXFrameworksBuildPhase section */
		57DDADDD18CE24AC00CBAD30 /* Frameworks */ = {
			isa = PBXFrameworksBuildPhase;
			buildActionMask = 2147483647;
			files = (
				57044F9118D3C97F00843EE1 /* CoreAudio.framework in Frameworks */,
				57044F8F18D3C70100843EE1 /* AudioToolbox.framework in Frameworks */,
				57DDADE618CE24AC00CBAD30 /* CoreGraphics.framework in Frameworks */,
				57DDADE818CE24AC00CBAD30 /* UIKit.framework in Frameworks */,
				57DDADE418CE24AC00CBAD30 /* Foundation.framework in Frameworks */,
			);
			runOnlyForDeploymentPostprocessing = 0;
		};
		57DDADF818CE24AC00CBAD30 /* Frameworks */ = {
			isa = PBXFrameworksBuildPhase;
			buildActionMask = 2147483647;
			files = (
				57DDADFD18CE24AC00CBAD30 /* XCTest.framework in Frameworks */,
				57DDADFF18CE24AC00CBAD30 /* UIKit.framework in Frameworks */,
				57DDADFE18CE24AC00CBAD30 /* Foundation.framework in Frameworks */,
			);
			runOnlyForDeploymentPostprocessing = 0;
		};
/* End PBXFrameworksBuildPhase section */

/* Begin PBXGroup section */
		57DDADD718CE24AC00CBAD30 = {
			isa = PBXGroup;
			children = (
				57DDADE918CE24AC00CBAD30 /* musictoolbox */,
				57DDAE0218CE24AC00CBAD30 /* musictoolboxTests */,
				57DDADE218CE24AC00CBAD30 /* Frameworks */,
				57DDADE118CE24AC00CBAD30 /* Products */,
			);
			sourceTree = "<group>";
		};
		57DDADE118CE24AC00CBAD30 /* Products */ = {
			isa = PBXGroup;
			children = (
				57DDADE018CE24AC00CBAD30 /* musictoolbox.app */,
				57DDADFB18CE24AC00CBAD30 /* musictoolboxTests.xctest */,
			);
			name = Products;
			sourceTree = "<group>";
		};
		57DDADE218CE24AC00CBAD30 /* Frameworks */ = {
			isa = PBXGroup;
			children = (
				57044F9018D3C97F00843EE1 /* CoreAudio.framework */,
				57044F8E18D3C70100843EE1 /* AudioToolbox.framework */,
				57DDADE318CE24AC00CBAD30 /* Foundation.framework */,
				57DDADE518CE24AC00CBAD30 /* CoreGraphics.framework */,
				57DDADE718CE24AC00CBAD30 /* UIKit.framework */,
				57DDADFC18CE24AC00CBAD30 /* XCTest.framework */,
			);
			name = Frameworks;
			sourceTree = "<group>";
		};
		57DDADE918CE24AC00CBAD30 /* musictoolbox */ = {
			isa = PBXGroup;
			children = (
				57DDADF218CE24AC00CBAD30 /* AppDelegate.h */,
				57DDADF318CE24AC00CBAD30 /* AppDelegate.m */,
				57DDADF518CE24AC00CBAD30 /* Images.xcassets */,
				57DDADEA18CE24AC00CBAD30 /* Supporting Files */,
				57DDAE1218CE250100CBAD30 /* Metronome.h */,
				57DDAE1318CE250100CBAD30 /* Metronome.m */,
				57DDAE1518CE262200CBAD30 /* Tuner.h */,
				57DDAE1618CE262200CBAD30 /* Tuner.m */,
			);
			path = musictoolbox;
			sourceTree = "<group>";
		};
		57DDADEA18CE24AC00CBAD30 /* Supporting Files */ = {
			isa = PBXGroup;
			children = (
				57DDADEB18CE24AC00CBAD30 /* musictoolbox-Info.plist */,
				57DDADEC18CE24AC00CBAD30 /* InfoPlist.strings */,
				57DDADEF18CE24AC00CBAD30 /* main.m */,
				57DDADF118CE24AC00CBAD30 /* musictoolbox-Prefix.pch */,
			);
			name = "Supporting Files";
			sourceTree = "<group>";
		};
		57DDAE0218CE24AC00CBAD30 /* musictoolboxTests */ = {
			isa = PBXGroup;
			children = (
				57DDAE0818CE24AD00CBAD30 /* musictoolboxTests.m */,
				57DDAE0318CE24AD00CBAD30 /* Supporting Files */,
			);
			path = musictoolboxTests;
			sourceTree = "<group>";
		};
		57DDAE0318CE24AD00CBAD30 /* Supporting Files */ = {
			isa = PBXGroup;
			children = (
				57DDAE0418CE24AD00CBAD30 /* musictoolboxTests-Info.plist */,
				57DDAE0518CE24AD00CBAD30 /* InfoPlist.strings */,
			);
			name = "Supporting Files";
			sourceTree = "<group>";
		};
/* End PBXGroup section */

/* Begin PBXNativeTarget section */
		57DDADDF18CE24AC00CBAD30 /* musictoolbox */ = {
			isa = PBXNativeTarget;
			buildConfigurationList = 57DDAE0C18CE24AD00CBAD30 /* Build configuration list for PBXNativeTarget "musictoolbox" */;
			buildPhases = (
				57DDADDC18CE24AC00CBAD30 /* Sources */,
				57DDADDD18CE24AC00CBAD30 /* Frameworks */,
				57DDADDE18CE24AC00CBAD30 /* Resources */,
			);
			buildRules = (
			);
			dependencies = (
			);
			name = musictoolbox;
			productName = musictoolbox;
			productReference = 57DDADE018CE24AC00CBAD30 /* musictoolbox.app */;
			productType = "com.apple.product-type.application";
		};
		57DDADFA18CE24AC00CBAD30 /* musictoolboxTests */ = {
			isa = PBXNativeTarget;
			buildConfigurationList = 57DDAE0F18CE24AD00CBAD30 /* Build configuration list for PBXNativeTarget "musictoolboxTests" */;
			buildPhases = (
				57DDADF718CE24AC00CBAD30 /* Sources */,
				57DDADF818CE24AC00CBAD30 /* Frameworks */,
				57DDADF918CE24AC00CBAD30 /* Resources */,
			);
			buildRules = (
			);
			dependencies = (
				57DDAE0118CE24AC00CBAD30 /* PBXTargetDependency */,
			);
			name = musictoolboxTests;
			productName = musictoolboxTests;
			productReference = 57DDADFB18CE24AC00CBAD30 /* musictoolboxTests.xctest */;
			productType = "com.apple.product-type.bundle.unit-test";
		};
/* End PBXNativeTarget section */

/* Begin PBXProject section */
		57DDADD818CE24AC00CBAD30 /* Project object */ = {
			isa = PBXProject;
			attributes = {
				LastUpgradeCheck = 0500;
				ORGANIZATIONNAME = "Vipul Nataraj";
				TargetAttributes = {
					57DDADFA18CE24AC00CBAD30 = {
						TestTargetID = 57DDADDF18CE24AC00CBAD30;
					};
				};
			};
			buildConfigurationList = 57DDADDB18CE24AC00CBAD30 /* Build configuration list for PBXProject "musictoolbox" */;
			compatibilityVersion = "Xcode 3.2";
			developmentRegion = English;
			hasScannedForEncodings = 0;
			knownRegions = (
				en,
			);
			mainGroup = 57DDADD718CE24AC00CBAD30;
			productRefGroup = 57DDADE118CE24AC00CBAD30 /* Products */;
			projectDirPath = "";
			projectRoot = "";
			targets = (
				57DDADDF18CE24AC00CBAD30 /* musictoolbox */,
				57DDADFA18CE24AC00CBAD30 /* musictoolboxTests */,
			);
		};
/* End PBXProject section */

/* Begin PBXResourcesBuildPhase section */
		57DDADDE18CE24AC00CBAD30 /* Resources */ = {
			isa = PBXResourcesBuildPhase;
			buildActionMask = 2147483647;
			files = (
				57DDADEE18CE24AC00CBAD30 /* InfoPlist.strings in Resources */,
				57DDADF618CE24AC00CBAD30 /* Images.xcassets in Resources */,
			);
			runOnlyForDeploymentPostprocessing = 0;
		};
		57DDADF918CE24AC00CBAD30 /* Resources */ = {
			isa = PBXResourcesBuildPhase;
			buildActionMask = 2147483647;
			files = (
				57DDAE0718CE24AD00CBAD30 /* InfoPlist.strings in Resources */,
			);
			runOnlyForDeploymentPostprocessing = 0;
		};
/* End PBXResourcesBuildPhase section */

/* Begin PBXSourcesBuildPhase section */
		57DDADDC18CE24AC00CBAD30 /* Sources */ = {
			isa = PBXSourcesBuildPhase;
			buildActionMask = 2147483647;
			files = (
				57DDAE1718CE262200CBAD30 /* Tuner.m in Sources */,
				57DDADF418CE24AC00CBAD30 /* AppDelegate.m in Sources */,
				57DDADF018CE24AC00CBAD30 /* main.m in Sources */,
				57DDAE1418CE250100CBAD30 /* Metronome.m in Sources */,
			);
			runOnlyForDeploymentPostprocessing = 0;
		};
		57DDADF718CE24AC00CBAD30 /* Sources */ = {
			isa = PBXSourcesBuildPhase;
			buildActionMask = 2147483647;
			files = (
				57DDAE0918CE24AD00CBAD30 /* musictoolboxTests.m in Sources */,
			);
			runOnlyForDeploymentPostprocessing = 0;
		};
/* End PBXSourcesBuildPhase section */

/* Begin PBXTargetDependency section */
		57DDAE0118CE24AC00CBAD30 /* PBXTargetDependency */ = {
			isa = PBXTargetDependency;
			target = 57DDADDF18CE24AC00CBAD30 /* musictoolbox */;
			targetProxy = 57DDAE0018CE24AC00CBAD30 /* PBXContainerItemProxy */;
		};
/* End PBXTargetDependency section */

/* Begin PBXVariantGroup section */
		57DDADEC18CE24AC00CBAD30 /* InfoPlist.strings */ = {
			isa = PBXVariantGroup;
			children = (
				57DDADED18CE24AC00CBAD30 /* en */,
			);
			name = InfoPlist.strings;
			sourceTree = "<group>";
		};
		57DDAE0518CE24AD00CBAD30 /* InfoPlist.strings */ = {
			isa = PBXVariantGroup;
			children = (
				57DDAE0618CE24AD00CBAD30 /* en */,
			);
			name = InfoPlist.strings;
			sourceTree = "<group>";
		};
/* End PBXVariantGroup section */

/* Begin XCBuildConfiguration section */
		57DDAE0A18CE24AD00CBAD30 /* Debug */ = {
			isa = XCBuildConfiguration;
			buildSettings = {
				ALWAYS_SEARCH_USER_PATHS = NO;
				ARCHS = "$(ARCHS_STANDARD_INCLUDING_64_BIT)";
				CLANG_CXX_LANGUAGE_STANDARD = "gnu++0x";
				CLANG_CXX_LIBRARY = "libc++";
				CLANG_ENABLE_MODULES = YES;
				CLANG_ENABLE_OBJC_ARC = YES;
				CLANG_WARN_BOOL_CONVERSION = YES;
				CLANG_WARN_CONSTANT_CONVERSION = YES;
				CLANG_WARN_DIRECT_OBJC_ISA_USAGE = YES_ERROR;
				CLANG_WARN_EMPTY_BODY = YES;
				CLANG_WARN_ENUM_CONVERSION = YES;
				CLANG_WARN_INT_CONVERSION = YES;
				CLANG_WARN_OBJC_ROOT_CLASS = YES_ERROR;
				CLANG_WARN__DUPLICATE_METHOD_MATCH = YES;
				"CODE_SIGN_IDENTITY[sdk=iphoneos*]" = "iPhone Developer";
				COPY_PHASE_STRIP = NO;
				GCC_C_LANGUAGE_STANDARD = gnu99;
				GCC_DYNAMIC_NO_PIC = NO;
				GCC_OPTIMIZATION_LEVEL = 0;
				GCC_PREPROCESSOR_DEFINITIONS = (
					"DEBUG=1",
					"$(inherited)",
				);
				GCC_SYMBOLS_PRIVATE_EXTERN = NO;
				GCC_WARN_64_TO_32_BIT_CONVERSION = YES;
				GCC_WARN_ABOUT_RETURN_TYPE = YES_ERROR;
				GCC_WARN_UNDECLARED_SELECTOR = YES;
				GCC_WARN_UNINITIALIZED_AUTOS = YES;
				GCC_WARN_UNUSED_FUNCTION = YES;
				GCC_WARN_UNUSED_VARIABLE = YES;
				IPHONEOS_DEPLOYMENT_TARGET = 7.0;
				ONLY_ACTIVE_ARCH = YES;
				SDKROOT = iphoneos;
				TARGETED_DEVICE_FAMILY = "1,2";
			};
			name = Debug;
		};
		57DDAE0B18CE24AD00CBAD30 /* Release */ = {
			isa = XCBuildConfiguration;
			buildSettings = {
				ALWAYS_SEARCH_USER_PATHS = NO;
				ARCHS = "$(ARCHS_STANDARD_INCLUDING_64_BIT)";
				CLANG_CXX_LANGUAGE_STANDARD = "gnu++0x";
				CLANG_CXX_LIBRARY = "libc++";
				CLANG_ENABLE_MODULES = YES;
				CLANG_ENABLE_OBJC_ARC = YES;
				CLANG_WARN_BOOL_CONVERSION = YES;
				CLANG_WARN_CONSTANT_CONVERSION = YES;
				CLANG_WARN_DIRECT_OBJC_ISA_USAGE = YES_ERROR;
				CLANG_WARN_EMPTY_BODY = YES;
				CLANG_WARN_ENUM_CONVERSION = YES;
				CLANG_WARN_INT_CONVERSION = YES;
				CLANG_WARN_OBJC_ROOT_CLASS = YES_ERROR;
				CLANG_WARN__DUPLICATE_METHOD_MATCH = YES;
				"CODE_SIGN_IDENTITY[sdk=iphoneos*]" = "iPhone Developer";
				COPY_PHASE_STRIP = YES;
				ENABLE_NS_ASSERTIONS = NO;
				GCC_C_LANGUAGE_STANDARD = gnu99;
				GCC_WARN_64_TO_32_BIT_CONVERSION = YES;
				GCC_WARN_ABOUT_RETURN_TYPE = YES_ERROR;
				GCC_WARN_UNDECLARED_SELECTOR = YES;
				GCC_WARN_UNINITIALIZED_AUTOS = YES;
				GCC_WARN_UNUSED_FUNCTION = YES;
				GCC_WARN_UNUSED_VARIABLE = YES;
				IPHONEOS_DEPLOYMENT_TARGET = 7.0;
				SDKROOT = iphoneos;
				TARGETED_DEVICE_FAMILY = "1,2";
				VALIDATE_PRODUCT = YES;
			};
			name = Release;
		};
		57DDAE0D18CE24AD00CBAD30 /* Debug */ = {
			isa = XCBuildConfiguration;
			buildSettings = {
				ASSETCATALOG_COMPILER_APPICON_NAME = AppIcon;
				ASSETCATALOG_COMPILER_LAUNCHIMAGE_NAME = LaunchImage;
				GCC_PRECOMPILE_PREFIX_HEADER = YES;
				GCC_PREFIX_HEADER = "musictoolbox/musictoolbox-Prefix.pch";
				INFOPLIST_FILE = "musictoolbox/musictoolbox-Info.plist";
				PRODUCT_NAME = "$(TARGET_NAME)";
				WRAPPER_EXTENSION = app;
			};
			name = Debug;
		};
		57DDAE0E18CE24AD00CBAD30 /* Release */ = {
			isa = XCBuildConfiguration;
			buildSettings = {
				ASSETCATALOG_COMPILER_APPICON_NAME = AppIcon;
				ASSETCATALOG_COMPILER_LAUNCHIMAGE_NAME = LaunchImage;
				GCC_PRECOMPILE_PREFIX_HEADER = YES;
				GCC_PREFIX_HEADER = "musictoolbox/musictoolbox-Prefix.pch";
				INFOPLIST_FILE = "musictoolbox/musictoolbox-Info.plist";
				PRODUCT_NAME = "$(TARGET_NAME)";
				WRAPPER_EXTENSION = app;
			};
			name = Release;
		};
		57DDAE1018CE24AD00CBAD30 /* Debug */ = {
			isa = XCBuildConfiguration;
			buildSettings = {
				ARCHS = "$(ARCHS_STANDARD_INCLUDING_64_BIT)";
				BUNDLE_LOADER = "$(BUILT_PRODUCTS_DIR)/musictoolbox.app/musictoolbox";
				FRAMEWORK_SEARCH_PATHS = (
					"$(SDKROOT)/Developer/Library/Frameworks",
					"$(inherited)",
					"$(DEVELOPER_FRAMEWORKS_DIR)",
				);
				GCC_PRECOMPILE_PREFIX_HEADER = YES;
				GCC_PREFIX_HEADER = "musictoolbox/musictoolbox-Prefix.pch";
				GCC_PREPROCESSOR_DEFINITIONS = (
					"DEBUG=1",
					"$(inherited)",
				);
				INFOPLIST_FILE = "musictoolboxTests/musictoolboxTests-Info.plist";
				PRODUCT_NAME = "$(TARGET_NAME)";
				TEST_HOST = "$(BUNDLE_LOADER)";
				WRAPPER_EXTENSION = xctest;
			};
			name = Debug;
		};
		57DDAE1118CE24AD00CBAD30 /* Release */ = {
			isa = XCBuildConfiguration;
			buildSettings = {
				ARCHS = "$(ARCHS_STANDARD_INCLUDING_64_BIT)";
				BUNDLE_LOADER = "$(BUILT_PRODUCTS_DIR)/musictoolbox.app/musictoolbox";
				FRAMEWORK_SEARCH_PATHS = (
					"$(SDKROOT)/Developer/Library/Frameworks",
					"$(inherited)",
					"$(DEVELOPER_FRAMEWORKS_DIR)",
				);
				GCC_PRECOMPILE_PREFIX_HEADER = YES;
				GCC_PREFIX_HEADER = "musictoolbox/musictoolbox-Prefix.pch";
				INFOPLIST_FILE = "musictoolboxTests/musictoolboxTests-Info.plist";
				PRODUCT_NAME = "$(TARGET_NAME)";
				TEST_HOST = "$(BUNDLE_LOADER)";
				WRAPPER_EXTENSION = xctest;
			};
			name = Release;
		};
/* End XCBuildConfiguration section */

/* Begin XCConfigurationList section */
		57DDADDB18CE24AC00CBAD30 /* Build configuration list for PBXProject "musictoolbox" */ = {
			isa = XCConfigurationList;
			buildConfigurations = (
				57DDAE0A18CE24AD00CBAD30 /* Debug */,
				57DDAE0B18CE24AD00CBAD30 /* Release */,
			);
			defaultConfigurationIsVisible = 0;
			defaultConfigurationName = Release;
		};
		57DDAE0C18CE24AD00CBAD30 /* Build configuration list for PBXNativeTarget "musictoolbox" */ = {
			isa = XCConfigurationList;
			buildConfigurations = (
				57DDAE0D18CE24AD00CBAD30 /* Debug */,
				57DDAE0E18CE24AD00CBAD30 /* Release */,
			);
			defaultConfigurationIsVisible = 0;
			defaultConfigurationName = Release;
		};
		57DDAE0F18CE24AD00CBAD30 /* Build configuration list for PBXNativeTarget "musictoolboxTests" */ = {
			isa = XCConfigurationList;
			buildConfigurations = (
				57DDAE1018CE24AD00CBAD30 /* Debug */,
				57DDAE1118CE24AD00CBAD30 /* Release */,
			);
			defaultConfigurationIsVisible = 0;
			defaultConfigurationName = Release;
		};
/* End XCConfigurationList section */
	};
	rootObject = 57DDADD818CE24AC00CBAD30 /* Project object */;
}
